
Microsoft Visual Studio Solution File, Format Version 12.00
# Visual Studio Version 16
VisualStudioVersion = 16.0.30128.74
MinimumVisualStudioVersion = 10.0.40219.1
Project("{FAE04EC0-301F-11D3-BF4B-00C04F79EFBC}") = "MVC1", "MVC1\MVC1.csproj", "{816A6004-E90B-45E6-9D4C-7D12DB79DEFA}"
EndProject
Global
	GlobalSection(SolutionConfigurationPlatforms) = preSolution
		Debug|Any CPU = Debug|Any CPU
		Release|Any CPU = Release|Any CPU
	EndGlobalSection
	GlobalSection(ProjectConfigurationPlatforms) = postSolution
		{816A6004-E90B-45E6-9D4C-7D12DB79DEFA}.Debug|Any CPU.ActiveCfg = Debug|Any CPU
		{816A6004-E90B-45E6-9D4C-7D12DB79DEFA}.Debug|Any CPU.Build.0 = Debug|Any CPU
		{816A6004-E90B-45E6-9D4C-7D12DB79DEFA}.Release|Any CPU.ActiveCfg = Release|Any CPU
		{816A6004-E90B-45E6-9D4C-7D12DB79DEFA}.Release|Any CPU.Build.0 = Release|Any CPU
	EndGlobalSection
	GlobalSection(SolutionProperties) = preSolution
		HideSolutionNode = FALSE
	EndGlobalSection
	GlobalSection(ExtensibilityGlobals) = postSolution
		SolutionGuid = {62B755C1-E255-4A4F-B484-8B166C1C1BF7}
	EndGlobalSection
EndGlobal
